
Microsoft Visual Studio Solution File, Format Version 12.00
# Visual Studio Version 16
VisualStudioVersion = 16.0.30204.135
MinimumVisualStudioVersion = 10.0.40219.1
Project("{9A19103F-16F7-4668-BE54-9A1E7A4F7556}") = "CookbookApp", "CookbookApp\CookbookApp.csproj", "{B25D14DE-4357-439A-BC59-11FDBE26B8ED}"
EndProject
Project("{9A19103F-16F7-4668-BE54-9A1E7A4F7556}") = "CookbookAppUnitTests", "CookbookAppUnitTests\CookbookAppUnitTests.csproj", "{114D8EEE-6BD0-4406-AC5B-73EEE7D90B9D}"
EndProject
Global
	GlobalSection(SolutionConfigurationPlatforms) = preSolution
		Debug|Any CPU = Debug|Any CPU
		Release|Any CPU = Release|Any CPU
	EndGlobalSection
	GlobalSection(ProjectConfigurationPlatforms) = postSolution
		{B25D14DE-4357-439A-BC59-11FDBE26B8ED}.Debug|Any CPU.ActiveCfg = Debug|Any CPU
		{B25D14DE-4357-439A-BC59-11FDBE26B8ED}.Debug|Any CPU.Build.0 = Debug|Any CPU
		{B25D14DE-4357-439A-BC59-11FDBE26B8ED}.Release|Any CPU.ActiveCfg = Release|Any CPU
		{B25D14DE-4357-439A-BC59-11FDBE26B8ED}.Release|Any CPU.Build.0 = Release|Any CPU
		{114D8EEE-6BD0-4406-AC5B-73EEE7D90B9D}.Debug|Any CPU.ActiveCfg = Debug|Any CPU
		{114D8EEE-6BD0-4406-AC5B-73EEE7D90B9D}.Debug|Any CPU.Build.0 = Debug|Any CPU
		{114D8EEE-6BD0-4406-AC5B-73EEE7D90B9D}.Release|Any CPU.ActiveCfg = Release|Any CPU
		{114D8EEE-6BD0-4406-AC5B-73EEE7D90B9D}.Release|Any CPU.Build.0 = Release|Any CPU
	EndGlobalSection
	GlobalSection(SolutionProperties) = preSolution
		HideSolutionNode = FALSE
	EndGlobalSection
	GlobalSection(ExtensibilityGlobals) = postSolution
		SolutionGuid = {5B08C01E-BE4C-47CB-84C4-CC4D1F6C5360}
	EndGlobalSection
EndGlobal
