
Microsoft Visual Studio Solution File, Format Version 12.00
# Visual Studio Version 16
VisualStudioVersion = 16.0.30204.135
MinimumVisualStudioVersion = 10.0.40219.1
Project("{9A19103F-16F7-4668-BE54-9A1E7A4F7556}") = "KitBook", "KitBook\KitBook.csproj", "{6C1F74CE-6D25-4F83-8984-98592834790A}"
EndProject
Project("{9A19103F-16F7-4668-BE54-9A1E7A4F7556}") = "Dal", "Dal\Dal.csproj", "{6F196FC5-8853-49F2-8B22-16950BC87474}"
EndProject
Project("{9A19103F-16F7-4668-BE54-9A1E7A4F7556}") = "BusinessLogic", "BusinessLogic\BusinessLogic.csproj", "{CD88AFDE-5D1F-4A8A-9872-3BE45BCE329F}"
EndProject
Project("{9A19103F-16F7-4668-BE54-9A1E7A4F7556}") = "Trivia", "Trivia\Trivia.csproj", "{5785740B-C839-4C31-BDB8-5CA229610C08}"
EndProject
Global
	GlobalSection(SolutionConfigurationPlatforms) = preSolution
		Debug|Any CPU = Debug|Any CPU
		Release|Any CPU = Release|Any CPU
	EndGlobalSection
	GlobalSection(ProjectConfigurationPlatforms) = postSolution
		{6C1F74CE-6D25-4F83-8984-98592834790A}.Debug|Any CPU.ActiveCfg = Debug|Any CPU
		{6C1F74CE-6D25-4F83-8984-98592834790A}.Debug|Any CPU.Build.0 = Debug|Any CPU
		{6C1F74CE-6D25-4F83-8984-98592834790A}.Release|Any CPU.ActiveCfg = Release|Any CPU
		{6C1F74CE-6D25-4F83-8984-98592834790A}.Release|Any CPU.Build.0 = Release|Any CPU
		{6F196FC5-8853-49F2-8B22-16950BC87474}.Debug|Any CPU.ActiveCfg = Debug|Any CPU
		{6F196FC5-8853-49F2-8B22-16950BC87474}.Debug|Any CPU.Build.0 = Debug|Any CPU
		{6F196FC5-8853-49F2-8B22-16950BC87474}.Release|Any CPU.ActiveCfg = Release|Any CPU
		{6F196FC5-8853-49F2-8B22-16950BC87474}.Release|Any CPU.Build.0 = Release|Any CPU
		{CD88AFDE-5D1F-4A8A-9872-3BE45BCE329F}.Debug|Any CPU.ActiveCfg = Debug|Any CPU
		{CD88AFDE-5D1F-4A8A-9872-3BE45BCE329F}.Debug|Any CPU.Build.0 = Debug|Any CPU
		{CD88AFDE-5D1F-4A8A-9872-3BE45BCE329F}.Release|Any CPU.ActiveCfg = Release|Any CPU
		{CD88AFDE-5D1F-4A8A-9872-3BE45BCE329F}.Release|Any CPU.Build.0 = Release|Any CPU
		{5785740B-C839-4C31-BDB8-5CA229610C08}.Debug|Any CPU.ActiveCfg = Debug|Any CPU
		{5785740B-C839-4C31-BDB8-5CA229610C08}.Debug|Any CPU.Build.0 = Debug|Any CPU
		{5785740B-C839-4C31-BDB8-5CA229610C08}.Release|Any CPU.ActiveCfg = Release|Any CPU
		{5785740B-C839-4C31-BDB8-5CA229610C08}.Release|Any CPU.Build.0 = Release|Any CPU
	EndGlobalSection
	GlobalSection(SolutionProperties) = preSolution
		HideSolutionNode = FALSE
	EndGlobalSection
	GlobalSection(ExtensibilityGlobals) = postSolution
		SolutionGuid = {5B08C01E-BE4C-47CB-84C4-CC4D1F6C5360}
	EndGlobalSection
EndGlobal
